
Microsoft Visual Studio Solution File, Format Version 12.00
# Visual Studio Version 17
VisualStudioVersion = 17.0.32126.317
MinimumVisualStudioVersion = 10.0.40219.1
Project("{FAE04EC0-301F-11D3-BF4B-00C04F79EFBC}") = "cimarasah.lesgou", "cimarasah.lesgou\cimarasah.lesgou.csproj", "{587D0314-1273-4BAB-93F9-F937A40CAC00}"
EndProject
Global
	GlobalSection(SolutionConfigurationPlatforms) = preSolution
		Debug|Any CPU = Debug|Any CPU
		Release|Any CPU = Release|Any CPU
	EndGlobalSection
	GlobalSection(ProjectConfigurationPlatforms) = postSolution
		{587D0314-1273-4BAB-93F9-F937A40CAC00}.Debug|Any CPU.ActiveCfg = Debug|Any CPU
		{587D0314-1273-4BAB-93F9-F937A40CAC00}.Debug|Any CPU.Build.0 = Debug|Any CPU
		{587D0314-1273-4BAB-93F9-F937A40CAC00}.Release|Any CPU.ActiveCfg = Release|Any CPU
		{587D0314-1273-4BAB-93F9-F937A40CAC00}.Release|Any CPU.Build.0 = Release|Any CPU
	EndGlobalSection
	GlobalSection(SolutionProperties) = preSolution
		HideSolutionNode = FALSE
	EndGlobalSection
	GlobalSection(ExtensibilityGlobals) = postSolution
		SolutionGuid = {B80CE26F-BB73-451F-BA80-BB11A4697E70}
	EndGlobalSection
EndGlobal
